
Microsoft Visual Studio Solution File, Format Version 12.00
# Visual Studio Version 16
VisualStudioVersion = 16.0.28803.156
MinimumVisualStudioVersion = 10.0.40219.1
Project("{8BC9CEB8-8B4A-11D0-8D11-00A0C91BC942}") = "ANN 2.0", "ANN 2.0\ANN 2.0.vcxproj", "{485DD150-17FB-4EE4-A49E-83BA662F032F}"
EndProject
Global
	GlobalSection(SolutionConfigurationPlatforms) = preSolution
		Debug|x64 = Debug|x64
		Debug|x86 = Debug|x86
		Release|x64 = Release|x64
		Release|x86 = Release|x86
	EndGlobalSection
	GlobalSection(ProjectConfigurationPlatforms) = postSolution
		{485DD150-17FB-4EE4-A49E-83BA662F032F}.Debug|x64.ActiveCfg = Debug|x64
		{485DD150-17FB-4EE4-A49E-83BA662F032F}.Debug|x64.Build.0 = Debug|x64
		{485DD150-17FB-4EE4-A49E-83BA662F032F}.Debug|x86.ActiveCfg = Debug|Win32
		{485DD150-17FB-4EE4-A49E-83BA662F032F}.Debug|x86.Build.0 = Debug|Win32
		{485DD150-17FB-4EE4-A49E-83BA662F032F}.Release|x64.ActiveCfg = Release|x64
		{485DD150-17FB-4EE4-A49E-83BA662F032F}.Release|x64.Build.0 = Release|x64
		{485DD150-17FB-4EE4-A49E-83BA662F032F}.Release|x86.ActiveCfg = Release|Win32
		{485DD150-17FB-4EE4-A49E-83BA662F032F}.Release|x86.Build.0 = Release|Win32
	EndGlobalSection
	GlobalSection(SolutionProperties) = preSolution
		HideSolutionNode = FALSE
	EndGlobalSection
	GlobalSection(ExtensibilityGlobals) = postSolution
		SolutionGuid = {B6355CA4-10F8-488B-BD21-2E7078BE6DF6}
	EndGlobalSection
EndGlobal
